
Microsoft Visual Studio Solution File, Format Version 12.00
# Visual Studio 15
VisualStudioVersion = 15.0.28307.1231
MinimumVisualStudioVersion = 10.0.40219.1
Project("{8BC9CEB8-8B4A-11D0-8D11-00A0C91BC942}") = "86sp", "86sp\86sp.vcxproj", "{D8FD818E-1749-4CC4-8921-81BD10985F77}"
EndProject
Project("{8BC9CEB8-8B4A-11D0-8D11-00A0C91BC942}") = "86fe", "86fe\86fe.vcxproj", "{73B33BCB-5015-450B-8EA4-A290490D9FAE}"
	ProjectSection(ProjectDependencies) = postProject
		{D8FD818E-1749-4CC4-8921-81BD10985F77} = {D8FD818E-1749-4CC4-8921-81BD10985F77}
	EndProjectSection
EndProject
Global
	GlobalSection(SolutionConfigurationPlatforms) = preSolution
		Debug|x64 = Debug|x64
		Debug|x86 = Debug|x86
		Release|x64 = Release|x64
		Release|x86 = Release|x86
	EndGlobalSection
	GlobalSection(ProjectConfigurationPlatforms) = postSolution
		{D8FD818E-1749-4CC4-8921-81BD10985F77}.Debug|x64.ActiveCfg = Debug|x64
		{D8FD818E-1749-4CC4-8921-81BD10985F77}.Debug|x64.Build.0 = Debug|x64
		{D8FD818E-1749-4CC4-8921-81BD10985F77}.Debug|x86.ActiveCfg = Debug|Win32
		{D8FD818E-1749-4CC4-8921-81BD10985F77}.Debug|x86.Build.0 = Debug|Win32
		{D8FD818E-1749-4CC4-8921-81BD10985F77}.Release|x64.ActiveCfg = Release|x64
		{D8FD818E-1749-4CC4-8921-81BD10985F77}.Release|x64.Build.0 = Release|x64
		{D8FD818E-1749-4CC4-8921-81BD10985F77}.Release|x86.ActiveCfg = Release|Win32
		{D8FD818E-1749-4CC4-8921-81BD10985F77}.Release|x86.Build.0 = Release|Win32
		{73B33BCB-5015-450B-8EA4-A290490D9FAE}.Debug|x64.ActiveCfg = Debug|x64
		{73B33BCB-5015-450B-8EA4-A290490D9FAE}.Debug|x64.Build.0 = Debug|x64
		{73B33BCB-5015-450B-8EA4-A290490D9FAE}.Debug|x86.ActiveCfg = Debug|Win32
		{73B33BCB-5015-450B-8EA4-A290490D9FAE}.Debug|x86.Build.0 = Debug|Win32
		{73B33BCB-5015-450B-8EA4-A290490D9FAE}.Release|x64.ActiveCfg = Release|x64
		{73B33BCB-5015-450B-8EA4-A290490D9FAE}.Release|x64.Build.0 = Release|x64
		{73B33BCB-5015-450B-8EA4-A290490D9FAE}.Release|x86.ActiveCfg = Release|Win32
		{73B33BCB-5015-450B-8EA4-A290490D9FAE}.Release|x86.Build.0 = Release|Win32
	EndGlobalSection
	GlobalSection(SolutionProperties) = preSolution
		HideSolutionNode = FALSE
	EndGlobalSection
	GlobalSection(ExtensibilityGlobals) = postSolution
		SolutionGuid = {51CA8297-D6C0-406B-8672-743F98D6B5C6}
	EndGlobalSection
EndGlobal
